
Microsoft Visual Studio Solution File, Format Version 12.00
# Visual Studio Version 16
VisualStudioVersion = 16.0.28803.156
MinimumVisualStudioVersion = 10.0.40219.1
Project("{9A19103F-16F7-4668-BE54-9A1E7A4F7556}") = "Lighthouse.Server", "Lighthouse.Server\Lighthouse.Server.csproj", "{E90D8B7C-211F-4C36-B3B2-6F6A54B4883B}"
EndProject
Project("{9A19103F-16F7-4668-BE54-9A1E7A4F7556}") = "Lighthouse.Core", "Lighthouse.Core\Lighthouse.Core.csproj", "{210673EB-C539-4726-B245-429E712B0EA3}"
EndProject
Project("{9A19103F-16F7-4668-BE54-9A1E7A4F7556}") = "Lighthouse.Core.Tests", "Lighthouse.Core.Tests\Lighthouse.Core.Tests.csproj", "{67456481-4647-4274-851D-2DB06C9E8143}"
EndProject
Project("{2150E333-8FDC-42A3-9474-1A3956D46DE8}") = "Lighthouse Core", "Lighthouse Core", "{DC733B74-11BC-465A-95A6-2425D0A99550}"
EndProject
Project("{2150E333-8FDC-42A3-9474-1A3956D46DE8}") = "Lighthouse Apps", "Lighthouse Apps", "{CE5821D8-D3A7-445D-8382-8B1D33BEF917}"
EndProject
Project("{9A19103F-16F7-4668-BE54-9A1E7A4F7556}") = "Lighthouse.Server.Tests", "Lighthouse.Server.Tests\Lighthouse.Server.Tests.csproj", "{70AAA9AC-EF43-44B7-9D84-ACB44EB9B6F7}"
EndProject
Project("{2150E333-8FDC-42A3-9474-1A3956D46DE8}") = "Warehouse", "Warehouse", "{AB445DEA-8ADF-4EEA-908A-92ED306390CF}"
EndProject
Project("{9A19103F-16F7-4668-BE54-9A1E7A4F7556}") = "Lighthouse.Storage", "Lighthouse.Storage\Lighthouse.Storage.csproj", "{97B20529-51C0-4410-B664-173E70733A20}"
EndProject
Project("{9A19103F-16F7-4668-BE54-9A1E7A4F7556}") = "Lighthouse.Storage.Tests", "Lighthouse.Storage.Tests\Lighthouse.Storage.Tests.csproj", "{573E51BA-B260-4D63-A902-BE9F4A4E1EDA}"
EndProject
Project("{9A19103F-16F7-4668-BE54-9A1E7A4F7556}") = "Lighthouse.Apps.FileSync", "Lighthouse.Apps.FileSync\Lighthouse.Apps.FileSync.csproj", "{643FE7C1-1C5E-41B8-B901-760FC0056A08}"
EndProject
Project("{9A19103F-16F7-4668-BE54-9A1E7A4F7556}") = "Lighthouse.Apps.WarehouseServer", "Lighthouse.Apps.WarehouseServer\Lighthouse.Apps.WarehouseServer.csproj", "{F5905A52-CEBA-4CE1-A158-DF97587E38D0}"
EndProject
Project("{9A19103F-16F7-4668-BE54-9A1E7A4F7556}") = "Lighthouse.Apps.WarehouseServer.Tests", "Lighthouse.Apps.WarehouseServer.Tests\Lighthouse.Apps.WarehouseServer.Tests.csproj", "{4D042920-F00D-4ABD-9AAF-3F3A7289E28C}"
EndProject
Project("{9A19103F-16F7-4668-BE54-9A1E7A4F7556}") = "Lighthouse.Apps.Database", "Lighthouse.Apps.Database\Lighthouse.Apps.Database.csproj", "{F01A8764-D219-40CB-9948-D6F9260CB34C}"
EndProject
Project("{9A19103F-16F7-4668-BE54-9A1E7A4F7556}") = "Lighthouse.Apps.Database.Tests", "Lighthouse.Apps.Database.Tests\Lighthouse.Apps.Database.Tests.csproj", "{326658BC-41E8-4B6F-B349-14A17DB4F7C8}"
EndProject
Project("{FAE04EC0-301F-11D3-BF4B-00C04F79EFBC}") = "Lighthouse.Apps.Functions", "Lighthouse.Apps.Functions\Lighthouse.Apps.Functions.csproj", "{C5D4C11F-0317-49C0-BE76-E73AA2840C86}"
EndProject
Project("{FAE04EC0-301F-11D3-BF4B-00C04F79EFBC}") = "Lighthouse.Apps.Functions.Tests", "Lighthouse.Apps.Functions.Tests\Lighthouse.Apps.Functions.Tests.csproj", "{407FED28-2581-484A-A34C-B97CCA9209EB}"
EndProject
Project("{FAE04EC0-301F-11D3-BF4B-00C04F79EFBC}") = "Lighthouse.Apps.ArtifactRepo", "Lighthouse.Apps.ArtifactRepo\Lighthouse.Apps.ArtifactRepo.csproj", "{E20DED88-02DF-4AC3-A062-D6A77D46D604}"
EndProject
Project("{FAE04EC0-301F-11D3-BF4B-00C04F79EFBC}") = "Lighthouse.Apps.Core", "Lighthouse.Apps.Core\Lighthouse.Apps.Core.csproj", "{7FA88C39-8274-42F8-8E5A-3308ED54C6DC}"
EndProject
Project("{FAE04EC0-301F-11D3-BF4B-00C04F79EFBC}") = "Lighthouse.Apps.Core.Tests", "Lighthouse.Apps.Core.Tests\Lighthouse.Apps.Core.Tests.csproj", "{DD3A9E15-1787-4803-9442-E3CB99E693F7}"
EndProject
Global
	GlobalSection(SolutionConfigurationPlatforms) = preSolution
		Debug|Any CPU = Debug|Any CPU
		Release|Any CPU = Release|Any CPU
	EndGlobalSection
	GlobalSection(ProjectConfigurationPlatforms) = postSolution
		{E90D8B7C-211F-4C36-B3B2-6F6A54B4883B}.Debug|Any CPU.ActiveCfg = Debug|Any CPU
		{E90D8B7C-211F-4C36-B3B2-6F6A54B4883B}.Debug|Any CPU.Build.0 = Debug|Any CPU
		{E90D8B7C-211F-4C36-B3B2-6F6A54B4883B}.Release|Any CPU.ActiveCfg = Release|Any CPU
		{E90D8B7C-211F-4C36-B3B2-6F6A54B4883B}.Release|Any CPU.Build.0 = Release|Any CPU
		{210673EB-C539-4726-B245-429E712B0EA3}.Debug|Any CPU.ActiveCfg = Debug|Any CPU
		{210673EB-C539-4726-B245-429E712B0EA3}.Debug|Any CPU.Build.0 = Debug|Any CPU
		{210673EB-C539-4726-B245-429E712B0EA3}.Release|Any CPU.ActiveCfg = Release|Any CPU
		{210673EB-C539-4726-B245-429E712B0EA3}.Release|Any CPU.Build.0 = Release|Any CPU
		{67456481-4647-4274-851D-2DB06C9E8143}.Debug|Any CPU.ActiveCfg = Debug|Any CPU
		{67456481-4647-4274-851D-2DB06C9E8143}.Debug|Any CPU.Build.0 = Debug|Any CPU
		{67456481-4647-4274-851D-2DB06C9E8143}.Release|Any CPU.ActiveCfg = Release|Any CPU
		{67456481-4647-4274-851D-2DB06C9E8143}.Release|Any CPU.Build.0 = Release|Any CPU
		{70AAA9AC-EF43-44B7-9D84-ACB44EB9B6F7}.Debug|Any CPU.ActiveCfg = Debug|Any CPU
		{70AAA9AC-EF43-44B7-9D84-ACB44EB9B6F7}.Debug|Any CPU.Build.0 = Debug|Any CPU
		{70AAA9AC-EF43-44B7-9D84-ACB44EB9B6F7}.Release|Any CPU.ActiveCfg = Release|Any CPU
		{70AAA9AC-EF43-44B7-9D84-ACB44EB9B6F7}.Release|Any CPU.Build.0 = Release|Any CPU
		{97B20529-51C0-4410-B664-173E70733A20}.Debug|Any CPU.ActiveCfg = Debug|Any CPU
		{97B20529-51C0-4410-B664-173E70733A20}.Debug|Any CPU.Build.0 = Debug|Any CPU
		{97B20529-51C0-4410-B664-173E70733A20}.Release|Any CPU.ActiveCfg = Release|Any CPU
		{97B20529-51C0-4410-B664-173E70733A20}.Release|Any CPU.Build.0 = Release|Any CPU
		{573E51BA-B260-4D63-A902-BE9F4A4E1EDA}.Debug|Any CPU.ActiveCfg = Debug|Any CPU
		{573E51BA-B260-4D63-A902-BE9F4A4E1EDA}.Debug|Any CPU.Build.0 = Debug|Any CPU
		{573E51BA-B260-4D63-A902-BE9F4A4E1EDA}.Release|Any CPU.ActiveCfg = Release|Any CPU
		{573E51BA-B260-4D63-A902-BE9F4A4E1EDA}.Release|Any CPU.Build.0 = Release|Any CPU
		{643FE7C1-1C5E-41B8-B901-760FC0056A08}.Debug|Any CPU.ActiveCfg = Debug|Any CPU
		{643FE7C1-1C5E-41B8-B901-760FC0056A08}.Debug|Any CPU.Build.0 = Debug|Any CPU
		{643FE7C1-1C5E-41B8-B901-760FC0056A08}.Release|Any CPU.ActiveCfg = Release|Any CPU
		{643FE7C1-1C5E-41B8-B901-760FC0056A08}.Release|Any CPU.Build.0 = Release|Any CPU
		{F5905A52-CEBA-4CE1-A158-DF97587E38D0}.Debug|Any CPU.ActiveCfg = Debug|Any CPU
		{F5905A52-CEBA-4CE1-A158-DF97587E38D0}.Debug|Any CPU.Build.0 = Debug|Any CPU
		{F5905A52-CEBA-4CE1-A158-DF97587E38D0}.Release|Any CPU.ActiveCfg = Release|Any CPU
		{F5905A52-CEBA-4CE1-A158-DF97587E38D0}.Release|Any CPU.Build.0 = Release|Any CPU
		{4D042920-F00D-4ABD-9AAF-3F3A7289E28C}.Debug|Any CPU.ActiveCfg = Debug|Any CPU
		{4D042920-F00D-4ABD-9AAF-3F3A7289E28C}.Debug|Any CPU.Build.0 = Debug|Any CPU
		{4D042920-F00D-4ABD-9AAF-3F3A7289E28C}.Release|Any CPU.ActiveCfg = Release|Any CPU
		{4D042920-F00D-4ABD-9AAF-3F3A7289E28C}.Release|Any CPU.Build.0 = Release|Any CPU
		{F01A8764-D219-40CB-9948-D6F9260CB34C}.Debug|Any CPU.ActiveCfg = Debug|Any CPU
		{F01A8764-D219-40CB-9948-D6F9260CB34C}.Debug|Any CPU.Build.0 = Debug|Any CPU
		{F01A8764-D219-40CB-9948-D6F9260CB34C}.Release|Any CPU.ActiveCfg = Release|Any CPU
		{F01A8764-D219-40CB-9948-D6F9260CB34C}.Release|Any CPU.Build.0 = Release|Any CPU
		{326658BC-41E8-4B6F-B349-14A17DB4F7C8}.Debug|Any CPU.ActiveCfg = Debug|Any CPU
		{326658BC-41E8-4B6F-B349-14A17DB4F7C8}.Debug|Any CPU.Build.0 = Debug|Any CPU
		{326658BC-41E8-4B6F-B349-14A17DB4F7C8}.Release|Any CPU.ActiveCfg = Release|Any CPU
		{326658BC-41E8-4B6F-B349-14A17DB4F7C8}.Release|Any CPU.Build.0 = Release|Any CPU
		{C5D4C11F-0317-49C0-BE76-E73AA2840C86}.Debug|Any CPU.ActiveCfg = Debug|Any CPU
		{C5D4C11F-0317-49C0-BE76-E73AA2840C86}.Debug|Any CPU.Build.0 = Debug|Any CPU
		{C5D4C11F-0317-49C0-BE76-E73AA2840C86}.Release|Any CPU.ActiveCfg = Release|Any CPU
		{C5D4C11F-0317-49C0-BE76-E73AA2840C86}.Release|Any CPU.Build.0 = Release|Any CPU
		{407FED28-2581-484A-A34C-B97CCA9209EB}.Debug|Any CPU.ActiveCfg = Debug|Any CPU
		{407FED28-2581-484A-A34C-B97CCA9209EB}.Debug|Any CPU.Build.0 = Debug|Any CPU
		{407FED28-2581-484A-A34C-B97CCA9209EB}.Release|Any CPU.ActiveCfg = Release|Any CPU
		{407FED28-2581-484A-A34C-B97CCA9209EB}.Release|Any CPU.Build.0 = Release|Any CPU
		{E20DED88-02DF-4AC3-A062-D6A77D46D604}.Debug|Any CPU.ActiveCfg = Debug|Any CPU
		{E20DED88-02DF-4AC3-A062-D6A77D46D604}.Debug|Any CPU.Build.0 = Debug|Any CPU
		{E20DED88-02DF-4AC3-A062-D6A77D46D604}.Release|Any CPU.ActiveCfg = Release|Any CPU
		{E20DED88-02DF-4AC3-A062-D6A77D46D604}.Release|Any CPU.Build.0 = Release|Any CPU
		{7FA88C39-8274-42F8-8E5A-3308ED54C6DC}.Debug|Any CPU.ActiveCfg = Debug|Any CPU
		{7FA88C39-8274-42F8-8E5A-3308ED54C6DC}.Debug|Any CPU.Build.0 = Debug|Any CPU
		{7FA88C39-8274-42F8-8E5A-3308ED54C6DC}.Release|Any CPU.ActiveCfg = Release|Any CPU
		{7FA88C39-8274-42F8-8E5A-3308ED54C6DC}.Release|Any CPU.Build.0 = Release|Any CPU
		{DD3A9E15-1787-4803-9442-E3CB99E693F7}.Debug|Any CPU.ActiveCfg = Debug|Any CPU
		{DD3A9E15-1787-4803-9442-E3CB99E693F7}.Debug|Any CPU.Build.0 = Debug|Any CPU
		{DD3A9E15-1787-4803-9442-E3CB99E693F7}.Release|Any CPU.ActiveCfg = Release|Any CPU
		{DD3A9E15-1787-4803-9442-E3CB99E693F7}.Release|Any CPU.Build.0 = Release|Any CPU
	EndGlobalSection
	GlobalSection(SolutionProperties) = preSolution
		HideSolutionNode = FALSE
	EndGlobalSection
	GlobalSection(NestedProjects) = preSolution
		{E90D8B7C-211F-4C36-B3B2-6F6A54B4883B} = {CE5821D8-D3A7-445D-8382-8B1D33BEF917}
		{210673EB-C539-4726-B245-429E712B0EA3} = {DC733B74-11BC-465A-95A6-2425D0A99550}
		{67456481-4647-4274-851D-2DB06C9E8143} = {DC733B74-11BC-465A-95A6-2425D0A99550}
		{70AAA9AC-EF43-44B7-9D84-ACB44EB9B6F7} = {CE5821D8-D3A7-445D-8382-8B1D33BEF917}
		{97B20529-51C0-4410-B664-173E70733A20} = {AB445DEA-8ADF-4EEA-908A-92ED306390CF}
		{573E51BA-B260-4D63-A902-BE9F4A4E1EDA} = {AB445DEA-8ADF-4EEA-908A-92ED306390CF}
		{643FE7C1-1C5E-41B8-B901-760FC0056A08} = {CE5821D8-D3A7-445D-8382-8B1D33BEF917}
		{F5905A52-CEBA-4CE1-A158-DF97587E38D0} = {CE5821D8-D3A7-445D-8382-8B1D33BEF917}
		{4D042920-F00D-4ABD-9AAF-3F3A7289E28C} = {CE5821D8-D3A7-445D-8382-8B1D33BEF917}
		{F01A8764-D219-40CB-9948-D6F9260CB34C} = {CE5821D8-D3A7-445D-8382-8B1D33BEF917}
		{326658BC-41E8-4B6F-B349-14A17DB4F7C8} = {CE5821D8-D3A7-445D-8382-8B1D33BEF917}
		{C5D4C11F-0317-49C0-BE76-E73AA2840C86} = {CE5821D8-D3A7-445D-8382-8B1D33BEF917}
		{407FED28-2581-484A-A34C-B97CCA9209EB} = {CE5821D8-D3A7-445D-8382-8B1D33BEF917}
		{E20DED88-02DF-4AC3-A062-D6A77D46D604} = {CE5821D8-D3A7-445D-8382-8B1D33BEF917}
		{7FA88C39-8274-42F8-8E5A-3308ED54C6DC} = {CE5821D8-D3A7-445D-8382-8B1D33BEF917}
		{DD3A9E15-1787-4803-9442-E3CB99E693F7} = {CE5821D8-D3A7-445D-8382-8B1D33BEF917}
	EndGlobalSection
	GlobalSection(ExtensibilityGlobals) = postSolution
		SolutionGuid = {5FBA757F-7196-4268-9D53-512991999DA1}
	EndGlobalSection
EndGlobal
