
Microsoft Visual Studio Solution File, Format Version 12.00
# Visual Studio Version 16
VisualStudioVersion = 16.0.28803.156
MinimumVisualStudioVersion = 10.0.40219.1
Project("{9A19103F-16F7-4668-BE54-9A1E7A4F7556}") = "Lighthouse.Server", "Lighthouse.Server\Lighthouse.Server.csproj", "{E90D8B7C-211F-4C36-B3B2-6F6A54B4883B}"
EndProject
Project("{9A19103F-16F7-4668-BE54-9A1E7A4F7556}") = "Lighthouse.Core", "Lighthouse.Core\Lighthouse.Core.csproj", "{210673EB-C539-4726-B245-429E712B0EA3}"
EndProject
Project("{9A19103F-16F7-4668-BE54-9A1E7A4F7556}") = "Lighthouse.Core.Tests", "Lighthouse.Core.Tests\Lighthouse.Core.Tests.csproj", "{67456481-4647-4274-851D-2DB06C9E8143}"
EndProject
Project("{2150E333-8FDC-42A3-9474-1A3956D46DE8}") = "Lighthouse Core", "Lighthouse Core", "{DC733B74-11BC-465A-95A6-2425D0A99550}"
EndProject
Project("{2150E333-8FDC-42A3-9474-1A3956D46DE8}") = "Lighthouse Apps", "Lighthouse Apps", "{CE5821D8-D3A7-445D-8382-8B1D33BEF917}"
EndProject
Project("{9A19103F-16F7-4668-BE54-9A1E7A4F7556}") = "Lighthouse.Server.Tests", "Lighthouse.Server.Tests\Lighthouse.Server.Tests.csproj", "{70AAA9AC-EF43-44B7-9D84-ACB44EB9B6F7}"
EndProject
Project("{FAE04EC0-301F-11D3-BF4B-00C04F79EFBC}") = "Lighthouse.CLI", "Lighthouse.CLI\Lighthouse.CLI.csproj", "{A8DC4C69-B16B-4514-AC34-7C294A7FDD68}"
EndProject
Global
	GlobalSection(SolutionConfigurationPlatforms) = preSolution
		Debug|Any CPU = Debug|Any CPU
		Release|Any CPU = Release|Any CPU
	EndGlobalSection
	GlobalSection(ProjectConfigurationPlatforms) = postSolution
		{E90D8B7C-211F-4C36-B3B2-6F6A54B4883B}.Debug|Any CPU.ActiveCfg = Debug|Any CPU
		{E90D8B7C-211F-4C36-B3B2-6F6A54B4883B}.Debug|Any CPU.Build.0 = Debug|Any CPU
		{E90D8B7C-211F-4C36-B3B2-6F6A54B4883B}.Release|Any CPU.ActiveCfg = Release|Any CPU
		{E90D8B7C-211F-4C36-B3B2-6F6A54B4883B}.Release|Any CPU.Build.0 = Release|Any CPU
		{210673EB-C539-4726-B245-429E712B0EA3}.Debug|Any CPU.ActiveCfg = Debug|Any CPU
		{210673EB-C539-4726-B245-429E712B0EA3}.Debug|Any CPU.Build.0 = Debug|Any CPU
		{210673EB-C539-4726-B245-429E712B0EA3}.Release|Any CPU.ActiveCfg = Release|Any CPU
		{210673EB-C539-4726-B245-429E712B0EA3}.Release|Any CPU.Build.0 = Release|Any CPU
		{67456481-4647-4274-851D-2DB06C9E8143}.Debug|Any CPU.ActiveCfg = Debug|Any CPU
		{67456481-4647-4274-851D-2DB06C9E8143}.Debug|Any CPU.Build.0 = Debug|Any CPU
		{67456481-4647-4274-851D-2DB06C9E8143}.Release|Any CPU.ActiveCfg = Release|Any CPU
		{67456481-4647-4274-851D-2DB06C9E8143}.Release|Any CPU.Build.0 = Release|Any CPU
		{70AAA9AC-EF43-44B7-9D84-ACB44EB9B6F7}.Debug|Any CPU.ActiveCfg = Debug|Any CPU
		{70AAA9AC-EF43-44B7-9D84-ACB44EB9B6F7}.Debug|Any CPU.Build.0 = Debug|Any CPU
		{70AAA9AC-EF43-44B7-9D84-ACB44EB9B6F7}.Release|Any CPU.ActiveCfg = Release|Any CPU
		{70AAA9AC-EF43-44B7-9D84-ACB44EB9B6F7}.Release|Any CPU.Build.0 = Release|Any CPU
		{A8DC4C69-B16B-4514-AC34-7C294A7FDD68}.Debug|Any CPU.ActiveCfg = Debug|Any CPU
		{A8DC4C69-B16B-4514-AC34-7C294A7FDD68}.Debug|Any CPU.Build.0 = Debug|Any CPU
		{A8DC4C69-B16B-4514-AC34-7C294A7FDD68}.Release|Any CPU.ActiveCfg = Release|Any CPU
		{A8DC4C69-B16B-4514-AC34-7C294A7FDD68}.Release|Any CPU.Build.0 = Release|Any CPU
	EndGlobalSection
	GlobalSection(SolutionProperties) = preSolution
		HideSolutionNode = FALSE
	EndGlobalSection
	GlobalSection(NestedProjects) = preSolution
		{E90D8B7C-211F-4C36-B3B2-6F6A54B4883B} = {CE5821D8-D3A7-445D-8382-8B1D33BEF917}
		{210673EB-C539-4726-B245-429E712B0EA3} = {DC733B74-11BC-465A-95A6-2425D0A99550}
		{67456481-4647-4274-851D-2DB06C9E8143} = {DC733B74-11BC-465A-95A6-2425D0A99550}
		{70AAA9AC-EF43-44B7-9D84-ACB44EB9B6F7} = {CE5821D8-D3A7-445D-8382-8B1D33BEF917}
		{A8DC4C69-B16B-4514-AC34-7C294A7FDD68} = {CE5821D8-D3A7-445D-8382-8B1D33BEF917}
	EndGlobalSection
	GlobalSection(ExtensibilityGlobals) = postSolution
		SolutionGuid = {5FBA757F-7196-4268-9D53-512991999DA1}
	EndGlobalSection
EndGlobal
